// !$*UTF8*$!
{
	archiveVersion = 1;
	classes = {
	};
	objectVersion = 46;
	objects = {

/* Begin PBXBuildFile section */
		0727EF3C18E3880A0023F2BE /* Foundation.framework in Frameworks */ = {isa = PBXBuildFile; fileRef = 0727EF3B18E3880A0023F2BE /* Foundation.framework */; };
		0727EF3E18E3880A0023F2BE /* CoreGraphics.framework in Frameworks */ = {isa = PBXBuildFile; fileRef = 0727EF3D18E3880A0023F2BE /* CoreGraphics.framework */; };
		0727EF4018E3880A0023F2BE /* UIKit.framework in Frameworks */ = {isa = PBXBuildFile; fileRef = 0727EF3F18E3880A0023F2BE /* UIKit.framework */; };
		0727EF4318E3880A0023F2BE /* Podfile in Resources */ = {isa = PBXBuildFile; fileRef = 0727EF4218E3880A0023F2BE /* Podfile */; };
		0727EF4918E3880A0023F2BE /* MOGAPIClient.m in Sources */ = {isa = PBXBuildFile; fileRef = 0727EF4818E3880A0023F2BE /* MOGAPIClient.m */; };
		0727EF4D18E3880A0023F2BE /* InfoPlist.strings in Resources */ = {isa = PBXBuildFile; fileRef = 0727EF4B18E3880A0023F2BE /* InfoPlist.strings */; };
		0727EF4F18E3880A0023F2BE /* main.m in Sources */ = {isa = PBXBuildFile; fileRef = 0727EF4E18E3880A0023F2BE /* main.m */; };
		0727EF5218E3880A0023F2BE /* MOGAppDelegate.m in Sources */ = {isa = PBXBuildFile; fileRef = 0727EF5118E3880A0023F2BE /* MOGAppDelegate.m */; };
		0727EF5418E3880A0023F2BE /* Images.xcassets in Resources */ = {isa = PBXBuildFile; fileRef = 0727EF5318E3880A0023F2BE /* Images.xcassets */; };
		0727EF5B18E3880A0023F2BE /* XCTest.framework in Frameworks */ = {isa = PBXBuildFile; fileRef = 0727EF5A18E3880A0023F2BE /* XCTest.framework */; };
		0727EF5C18E3880A0023F2BE /* Foundation.framework in Frameworks */ = {isa = PBXBuildFile; fileRef = 0727EF3B18E3880A0023F2BE /* Foundation.framework */; };
		0727EF5D18E3880A0023F2BE /* UIKit.framework in Frameworks */ = {isa = PBXBuildFile; fileRef = 0727EF3F18E3880A0023F2BE /* UIKit.framework */; };
		0727EF7518E38F390023F2BE /* MOGRoomService.m in Sources */ = {isa = PBXBuildFile; fileRef = 0727EF7418E38F390023F2BE /* MOGRoomService.m */; };
		0727EF7918E391270023F2BE /* MOGLoginViewController.m in Sources */ = {isa = PBXBuildFile; fileRef = 0727EF7818E391270023F2BE /* MOGLoginViewController.m */; };
		0727EF7B18E3916A0023F2BE /* Storyboard.storyboard in Resources */ = {isa = PBXBuildFile; fileRef = 0727EF7A18E3916A0023F2BE /* Storyboard.storyboard */; };
		0727EF7E18E398870023F2BE /* MOGRoomsTableViewController.m in Sources */ = {isa = PBXBuildFile; fileRef = 0727EF7D18E398870023F2BE /* MOGRoomsTableViewController.m */; };
		073191D218E3A6A5003107B6 /* MOGRoom.m in Sources */ = {isa = PBXBuildFile; fileRef = 073191D118E3A6A5003107B6 /* MOGRoom.m */; };
		073191D518E41BDF003107B6 /* MOGChatViewController.m in Sources */ = {isa = PBXBuildFile; fileRef = 073191D418E41BDF003107B6 /* MOGChatViewController.m */; };
		07563CD318F15C2C00F66E24 /* MOGSessionService.m in Sources */ = {isa = PBXBuildFile; fileRef = 07563CD218F15C2C00F66E24 /* MOGSessionService.m */; };
		07563CD618F15D8300F66E24 /* MOGBaseService.m in Sources */ = {isa = PBXBuildFile; fileRef = 07563CD518F15D8300F66E24 /* MOGBaseService.m */; };
		07563CD918F1602B00F66E24 /* MOGUser.m in Sources */ = {isa = PBXBuildFile; fileRef = 07563CD818F1602B00F66E24 /* MOGUser.m */; };
		0795D10118E839DC006670C3 /* MOGMessage.m in Sources */ = {isa = PBXBuildFile; fileRef = 0795D10018E839DC006670C3 /* MOGMessage.m */; };
		0795D10418E83B6E006670C3 /* MOGMessageService.m in Sources */ = {isa = PBXBuildFile; fileRef = 0795D10318E83B6E006670C3 /* MOGMessageService.m */; };
		0795D10818E8721F006670C3 /* MOGAvatarFactory.m in Sources */ = {isa = PBXBuildFile; fileRef = 0795D10718E8721F006670C3 /* MOGAvatarFactory.m */; };
		07A906A318F17FF600E5CEE8 /* MOGMessagePoller.m in Sources */ = {isa = PBXBuildFile; fileRef = 07A906A218F17FF600E5CEE8 /* MOGMessagePoller.m */; };
		07A906A618F1A55100E5CEE8 /* MOGNewRoomViewController.m in Sources */ = {isa = PBXBuildFile; fileRef = 07A906A518F1A55100E5CEE8 /* MOGNewRoomViewController.m */; };
		3B836B528D0C44BF95A800AF /* libPods.a in Frameworks */ = {isa = PBXBuildFile; fileRef = 8F69626033574422A44E44A5 /* libPods.a */; };
/* End PBXBuildFile section */

/* Begin PBXContainerItemProxy section */
		0727EF5E18E3880A0023F2BE /* PBXContainerItemProxy */ = {
			isa = PBXContainerItemProxy;
			containerPortal = 0727EF3018E3880A0023F2BE /* Project object */;
			proxyType = 1;
			remoteGlobalIDString = 0727EF3718E3880A0023F2BE;
			remoteInfo = "Mogo-iOS";
		};
/* End PBXContainerItemProxy section */

/* Begin PBXFileReference section */
		0727EF3818E3880A0023F2BE /* Mogo-iOS.app */ = {isa = PBXFileReference; explicitFileType = wrapper.application; includeInIndex = 0; path = "Mogo-iOS.app"; sourceTree = BUILT_PRODUCTS_DIR; };
		0727EF3B18E3880A0023F2BE /* Foundation.framework */ = {isa = PBXFileReference; lastKnownFileType = wrapper.framework; name = Foundation.framework; path = System/Library/Frameworks/Foundation.framework; sourceTree = SDKROOT; };
		0727EF3D18E3880A0023F2BE /* CoreGraphics.framework */ = {isa = PBXFileReference; lastKnownFileType = wrapper.framework; name = CoreGraphics.framework; path = System/Library/Frameworks/CoreGraphics.framework; sourceTree = SDKROOT; };
		0727EF3F18E3880A0023F2BE /* UIKit.framework */ = {isa = PBXFileReference; lastKnownFileType = wrapper.framework; name = UIKit.framework; path = System/Library/Frameworks/UIKit.framework; sourceTree = SDKROOT; };
		0727EF4218E3880A0023F2BE /* Podfile */ = {isa = PBXFileReference; lastKnownFileType = text; name = Podfile; path = ../Podfile; sourceTree = "<group>"; xcLanguageSpecificationIdentifier = xcode.lang.ruby; };
		0727EF4518E3880A0023F2BE /* Mogo-iOS-Prefix.pch */ = {isa = PBXFileReference; lastKnownFileType = sourcecode.c.h; path = "Mogo-iOS-Prefix.pch"; sourceTree = "<group>"; };
		0727EF4718E3880A0023F2BE /* MOGAPIClient.h */ = {isa = PBXFileReference; lastKnownFileType = sourcecode.c.h; name = MOGAPIClient.h; path = Networking/MOGAPIClient.h; sourceTree = "<group>"; };
		0727EF4818E3880A0023F2BE /* MOGAPIClient.m */ = {isa = PBXFileReference; lastKnownFileType = sourcecode.c.objc; name = MOGAPIClient.m; path = Networking/MOGAPIClient.m; sourceTree = "<group>"; };
		0727EF4A18E3880A0023F2BE /* Mogo-iOS-Info.plist */ = {isa = PBXFileReference; lastKnownFileType = text.plist.xml; path = "Mogo-iOS-Info.plist"; sourceTree = "<group>"; };
		0727EF4C18E3880A0023F2BE /* en */ = {isa = PBXFileReference; lastKnownFileType = text.plist.strings; name = en; path = en.lproj/InfoPlist.strings; sourceTree = "<group>"; };
		0727EF4E18E3880A0023F2BE /* main.m */ = {isa = PBXFileReference; lastKnownFileType = sourcecode.c.objc; path = main.m; sourceTree = "<group>"; };
		0727EF5018E3880A0023F2BE /* MOGAppDelegate.h */ = {isa = PBXFileReference; lastKnownFileType = sourcecode.c.h; path = MOGAppDelegate.h; sourceTree = "<group>"; };
		0727EF5118E3880A0023F2BE /* MOGAppDelegate.m */ = {isa = PBXFileReference; lastKnownFileType = sourcecode.c.objc; path = MOGAppDelegate.m; sourceTree = "<group>"; };
		0727EF5318E3880A0023F2BE /* Images.xcassets */ = {isa = PBXFileReference; lastKnownFileType = folder.assetcatalog; path = Images.xcassets; sourceTree = "<group>"; };
		0727EF5918E3880A0023F2BE /* Mogo-iOSTests.xctest */ = {isa = PBXFileReference; explicitFileType = wrapper.cfbundle; includeInIndex = 0; path = "Mogo-iOSTests.xctest"; sourceTree = BUILT_PRODUCTS_DIR; };
		0727EF5A18E3880A0023F2BE /* XCTest.framework */ = {isa = PBXFileReference; lastKnownFileType = wrapper.framework; name = XCTest.framework; path = Library/Frameworks/XCTest.framework; sourceTree = DEVELOPER_DIR; };
		0727EF7318E38F390023F2BE /* MOGRoomService.h */ = {isa = PBXFileReference; fileEncoding = 4; lastKnownFileType = sourcecode.c.h; name = MOGRoomService.h; path = Networking/MOGRoomService.h; sourceTree = "<group>"; };
		0727EF7418E38F390023F2BE /* MOGRoomService.m */ = {isa = PBXFileReference; fileEncoding = 4; lastKnownFileType = sourcecode.c.objc; name = MOGRoomService.m; path = Networking/MOGRoomService.m; sourceTree = "<group>"; };
		0727EF7718E391270023F2BE /* MOGLoginViewController.h */ = {isa = PBXFileReference; fileEncoding = 4; lastKnownFileType = sourcecode.c.h; name = MOGLoginViewController.h; path = ViewControllers/MOGLoginViewController.h; sourceTree = "<group>"; };
		0727EF7818E391270023F2BE /* MOGLoginViewController.m */ = {isa = PBXFileReference; fileEncoding = 4; lastKnownFileType = sourcecode.c.objc; name = MOGLoginViewController.m; path = ViewControllers/MOGLoginViewController.m; sourceTree = "<group>"; };
		0727EF7A18E3916A0023F2BE /* Storyboard.storyboard */ = {isa = PBXFileReference; fileEncoding = 4; lastKnownFileType = file.storyboard; path = Storyboard.storyboard; sourceTree = "<group>"; };
		0727EF7C18E398870023F2BE /* MOGRoomsTableViewController.h */ = {isa = PBXFileReference; fileEncoding = 4; lastKnownFileType = sourcecode.c.h; name = MOGRoomsTableViewController.h; path = ViewControllers/MOGRoomsTableViewController.h; sourceTree = "<group>"; };
		0727EF7D18E398870023F2BE /* MOGRoomsTableViewController.m */ = {isa = PBXFileReference; fileEncoding = 4; lastKnownFileType = sourcecode.c.objc; name = MOGRoomsTableViewController.m; path = ViewControllers/MOGRoomsTableViewController.m; sourceTree = "<group>"; };
		073191D018E3A6A5003107B6 /* MOGRoom.h */ = {isa = PBXFileReference; fileEncoding = 4; lastKnownFileType = sourcecode.c.h; name = MOGRoom.h; path = Models/MOGRoom.h; sourceTree = "<group>"; };
		073191D118E3A6A5003107B6 /* MOGRoom.m */ = {isa = PBXFileReference; fileEncoding = 4; lastKnownFileType = sourcecode.c.objc; name = MOGRoom.m; path = Models/MOGRoom.m; sourceTree = "<group>"; };
		073191D318E41BDF003107B6 /* MOGChatViewController.h */ = {isa = PBXFileReference; fileEncoding = 4; lastKnownFileType = sourcecode.c.h; name = MOGChatViewController.h; path = ViewControllers/MOGChatViewController.h; sourceTree = "<group>"; };
		073191D418E41BDF003107B6 /* MOGChatViewController.m */ = {isa = PBXFileReference; fileEncoding = 4; lastKnownFileType = sourcecode.c.objc; name = MOGChatViewController.m; path = ViewControllers/MOGChatViewController.m; sourceTree = "<group>"; };
		07563CD118F15C2C00F66E24 /* MOGSessionService.h */ = {isa = PBXFileReference; fileEncoding = 4; lastKnownFileType = sourcecode.c.h; name = MOGSessionService.h; path = Networking/MOGSessionService.h; sourceTree = "<group>"; };
		07563CD218F15C2C00F66E24 /* MOGSessionService.m */ = {isa = PBXFileReference; fileEncoding = 4; lastKnownFileType = sourcecode.c.objc; name = MOGSessionService.m; path = Networking/MOGSessionService.m; sourceTree = "<group>"; };
		07563CD418F15D8300F66E24 /* MOGBaseService.h */ = {isa = PBXFileReference; fileEncoding = 4; lastKnownFileType = sourcecode.c.h; name = MOGBaseService.h; path = Networking/MOGBaseService.h; sourceTree = "<group>"; };
		07563CD518F15D8300F66E24 /* MOGBaseService.m */ = {isa = PBXFileReference; fileEncoding = 4; lastKnownFileType = sourcecode.c.objc; name = MOGBaseService.m; path = Networking/MOGBaseService.m; sourceTree = "<group>"; };
		07563CD718F1602B00F66E24 /* MOGUser.h */ = {isa = PBXFileReference; fileEncoding = 4; lastKnownFileType = sourcecode.c.h; name = MOGUser.h; path = Models/MOGUser.h; sourceTree = "<group>"; };
		07563CD818F1602B00F66E24 /* MOGUser.m */ = {isa = PBXFileReference; fileEncoding = 4; lastKnownFileType = sourcecode.c.objc; name = MOGUser.m; path = Models/MOGUser.m; sourceTree = "<group>"; };
		0795D0FF18E839DC006670C3 /* MOGMessage.h */ = {isa = PBXFileReference; fileEncoding = 4; lastKnownFileType = sourcecode.c.h; name = MOGMessage.h; path = Models/MOGMessage.h; sourceTree = "<group>"; };
		0795D10018E839DC006670C3 /* MOGMessage.m */ = {isa = PBXFileReference; fileEncoding = 4; lastKnownFileType = sourcecode.c.objc; name = MOGMessage.m; path = Models/MOGMessage.m; sourceTree = "<group>"; };
		0795D10218E83B6E006670C3 /* MOGMessageService.h */ = {isa = PBXFileReference; fileEncoding = 4; lastKnownFileType = sourcecode.c.h; name = MOGMessageService.h; path = Networking/MOGMessageService.h; sourceTree = "<group>"; };
		0795D10318E83B6E006670C3 /* MOGMessageService.m */ = {isa = PBXFileReference; fileEncoding = 4; lastKnownFileType = sourcecode.c.objc; name = MOGMessageService.m; path = Networking/MOGMessageService.m; sourceTree = "<group>"; };
		0795D10618E8721F006670C3 /* MOGAvatarFactory.h */ = {isa = PBXFileReference; fileEncoding = 4; lastKnownFileType = sourcecode.c.h; name = MOGAvatarFactory.h; path = Views/MOGAvatarFactory.h; sourceTree = "<group>"; };
		0795D10718E8721F006670C3 /* MOGAvatarFactory.m */ = {isa = PBXFileReference; fileEncoding = 4; lastKnownFileType = sourcecode.c.objc; name = MOGAvatarFactory.m; path = Views/MOGAvatarFactory.m; sourceTree = "<group>"; };
		07A906A118F17FF600E5CEE8 /* MOGMessagePoller.h */ = {isa = PBXFileReference; fileEncoding = 4; lastKnownFileType = sourcecode.c.h; name = MOGMessagePoller.h; path = Networking/MOGMessagePoller.h; sourceTree = "<group>"; };
		07A906A218F17FF600E5CEE8 /* MOGMessagePoller.m */ = {isa = PBXFileReference; fileEncoding = 4; lastKnownFileType = sourcecode.c.objc; name = MOGMessagePoller.m; path = Networking/MOGMessagePoller.m; sourceTree = "<group>"; };
		07A906A418F1A55100E5CEE8 /* MOGNewRoomViewController.h */ = {isa = PBXFileReference; fileEncoding = 4; lastKnownFileType = sourcecode.c.h; name = MOGNewRoomViewController.h; path = ViewControllers/MOGNewRoomViewController.h; sourceTree = "<group>"; };
		07A906A518F1A55100E5CEE8 /* MOGNewRoomViewController.m */ = {isa = PBXFileReference; fileEncoding = 4; lastKnownFileType = sourcecode.c.objc; name = MOGNewRoomViewController.m; path = ViewControllers/MOGNewRoomViewController.m; sourceTree = "<group>"; };
		8F69626033574422A44E44A5 /* libPods.a */ = {isa = PBXFileReference; explicitFileType = archive.ar; includeInIndex = 0; path = libPods.a; sourceTree = BUILT_PRODUCTS_DIR; };
		94F6D6A1E34249C8A5A2EEC1 /* Pods.xcconfig */ = {isa = PBXFileReference; includeInIndex = 1; lastKnownFileType = text.xcconfig; name = Pods.xcconfig; path = Pods/Pods.xcconfig; sourceTree = "<group>"; };
/* End PBXFileReference section */

/* Begin PBXFrameworksBuildPhase section */
		0727EF3518E3880A0023F2BE /* Frameworks */ = {
			isa = PBXFrameworksBuildPhase;
			buildActionMask = 2147483647;
			files = (
				0727EF3E18E3880A0023F2BE /* CoreGraphics.framework in Frameworks */,
				0727EF4018E3880A0023F2BE /* UIKit.framework in Frameworks */,
				0727EF3C18E3880A0023F2BE /* Foundation.framework in Frameworks */,
				3B836B528D0C44BF95A800AF /* libPods.a in Frameworks */,
			);
			runOnlyForDeploymentPostprocessing = 0;
		};
		0727EF5618E3880A0023F2BE /* Frameworks */ = {
			isa = PBXFrameworksBuildPhase;
			buildActionMask = 2147483647;
			files = (
				0727EF5B18E3880A0023F2BE /* XCTest.framework in Frameworks */,
				0727EF5D18E3880A0023F2BE /* UIKit.framework in Frameworks */,
				0727EF5C18E3880A0023F2BE /* Foundation.framework in Frameworks */,
			);
			runOnlyForDeploymentPostprocessing = 0;
		};
/* End PBXFrameworksBuildPhase section */

/* Begin PBXGroup section */
		0727EF2F18E3880A0023F2BE = {
			isa = PBXGroup;
			children = (
				0727EF4118E3880A0023F2BE /* Mogo-iOS */,
				0727EF3A18E3880A0023F2BE /* Frameworks */,
				0727EF3918E3880A0023F2BE /* Products */,
				94F6D6A1E34249C8A5A2EEC1 /* Pods.xcconfig */,
			);
			sourceTree = "<group>";
		};
		0727EF3918E3880A0023F2BE /* Products */ = {
			isa = PBXGroup;
			children = (
				0727EF3818E3880A0023F2BE /* Mogo-iOS.app */,
				0727EF5918E3880A0023F2BE /* Mogo-iOSTests.xctest */,
			);
			name = Products;
			sourceTree = "<group>";
		};
		0727EF3A18E3880A0023F2BE /* Frameworks */ = {
			isa = PBXGroup;
			children = (
				0727EF3B18E3880A0023F2BE /* Foundation.framework */,
				0727EF3D18E3880A0023F2BE /* CoreGraphics.framework */,
				0727EF3F18E3880A0023F2BE /* UIKit.framework */,
				0727EF5A18E3880A0023F2BE /* XCTest.framework */,
				8F69626033574422A44E44A5 /* libPods.a */,
			);
			name = Frameworks;
			sourceTree = "<group>";
		};
		0727EF4118E3880A0023F2BE /* Mogo-iOS */ = {
			isa = PBXGroup;
			children = (
				0795D10518E87201006670C3 /* Views */,
				073191CF18E3A68E003107B6 /* Models */,
				0727EF7618E390FE0023F2BE /* ViewControllers */,
				0727EF4218E3880A0023F2BE /* Podfile */,
				0727EF5018E3880A0023F2BE /* MOGAppDelegate.h */,
				0727EF5118E3880A0023F2BE /* MOGAppDelegate.m */,
				0727EF5318E3880A0023F2BE /* Images.xcassets */,
				0727EF4618E3880A0023F2BE /* Networking */,
				0727EF4418E3880A0023F2BE /* Supporting Files */,
				0727EF7A18E3916A0023F2BE /* Storyboard.storyboard */,
			);
			path = "Mogo-iOS";
			sourceTree = "<group>";
		};
		0727EF4418E3880A0023F2BE /* Supporting Files */ = {
			isa = PBXGroup;
			children = (
				0727EF4518E3880A0023F2BE /* Mogo-iOS-Prefix.pch */,
				0727EF4A18E3880A0023F2BE /* Mogo-iOS-Info.plist */,
				0727EF4B18E3880A0023F2BE /* InfoPlist.strings */,
				0727EF4E18E3880A0023F2BE /* main.m */,
			);
			name = "Supporting Files";
			sourceTree = "<group>";
		};
		0727EF4618E3880A0023F2BE /* Networking */ = {
			isa = PBXGroup;
			children = (
				0727EF4718E3880A0023F2BE /* MOGAPIClient.h */,
				0727EF4818E3880A0023F2BE /* MOGAPIClient.m */,
				0727EF7318E38F390023F2BE /* MOGRoomService.h */,
				0727EF7418E38F390023F2BE /* MOGRoomService.m */,
				0795D10218E83B6E006670C3 /* MOGMessageService.h */,
				0795D10318E83B6E006670C3 /* MOGMessageService.m */,
				07563CD118F15C2C00F66E24 /* MOGSessionService.h */,
				07563CD218F15C2C00F66E24 /* MOGSessionService.m */,
				07563CD418F15D8300F66E24 /* MOGBaseService.h */,
				07563CD518F15D8300F66E24 /* MOGBaseService.m */,
				07A906A118F17FF600E5CEE8 /* MOGMessagePoller.h */,
				07A906A218F17FF600E5CEE8 /* MOGMessagePoller.m */,
			);
			name = Networking;
			sourceTree = "<group>";
		};
		0727EF7618E390FE0023F2BE /* ViewControllers */ = {
			isa = PBXGroup;
			children = (
				0727EF7718E391270023F2BE /* MOGLoginViewController.h */,
				0727EF7818E391270023F2BE /* MOGLoginViewController.m */,
				0727EF7C18E398870023F2BE /* MOGRoomsTableViewController.h */,
				0727EF7D18E398870023F2BE /* MOGRoomsTableViewController.m */,
				073191D318E41BDF003107B6 /* MOGChatViewController.h */,
				073191D418E41BDF003107B6 /* MOGChatViewController.m */,
				07A906A418F1A55100E5CEE8 /* MOGNewRoomViewController.h */,
				07A906A518F1A55100E5CEE8 /* MOGNewRoomViewController.m */,
			);
			name = ViewControllers;
			sourceTree = "<group>";
		};
		073191CF18E3A68E003107B6 /* Models */ = {
			isa = PBXGroup;
			children = (
				073191D018E3A6A5003107B6 /* MOGRoom.h */,
				073191D118E3A6A5003107B6 /* MOGRoom.m */,
				0795D0FF18E839DC006670C3 /* MOGMessage.h */,
				0795D10018E839DC006670C3 /* MOGMessage.m */,
				07563CD718F1602B00F66E24 /* MOGUser.h */,
				07563CD818F1602B00F66E24 /* MOGUser.m */,
			);
			name = Models;
			sourceTree = "<group>";
		};
		0795D10518E87201006670C3 /* Views */ = {
			isa = PBXGroup;
			children = (
				0795D10618E8721F006670C3 /* MOGAvatarFactory.h */,
				0795D10718E8721F006670C3 /* MOGAvatarFactory.m */,
			);
			name = Views;
			sourceTree = "<group>";
		};
/* End PBXGroup section */

/* Begin PBXNativeTarget section */
		0727EF3718E3880A0023F2BE /* Mogo-iOS */ = {
			isa = PBXNativeTarget;
			buildConfigurationList = 0727EF6A18E3880A0023F2BE /* Build configuration list for PBXNativeTarget "Mogo-iOS" */;
			buildPhases = (
				E45D856A015647A18EE4A786 /* Check Pods Manifest.lock */,
				0727EF3418E3880A0023F2BE /* Sources */,
				0727EF3518E3880A0023F2BE /* Frameworks */,
				0727EF3618E3880A0023F2BE /* Resources */,
				9AFA8BA88AAE4535B4940961 /* Copy Pods Resources */,
			);
			buildRules = (
			);
			dependencies = (
			);
			name = "Mogo-iOS";
			productName = "Mogo-iOS";
			productReference = 0727EF3818E3880A0023F2BE /* Mogo-iOS.app */;
			productType = "com.apple.product-type.application";
		};
		0727EF5818E3880A0023F2BE /* Mogo-iOSTests */ = {
			isa = PBXNativeTarget;
			buildConfigurationList = 0727EF6D18E3880A0023F2BE /* Build configuration list for PBXNativeTarget "Mogo-iOSTests" */;
			buildPhases = (
				0727EF5518E3880A0023F2BE /* Sources */,
				0727EF5618E3880A0023F2BE /* Frameworks */,
				0727EF5718E3880A0023F2BE /* Resources */,
			);
			buildRules = (
			);
			dependencies = (
				0727EF5F18E3880A0023F2BE /* PBXTargetDependency */,
			);
			name = "Mogo-iOSTests";
			productName = "Mogo-iOSTests";
			productReference = 0727EF5918E3880A0023F2BE /* Mogo-iOSTests.xctest */;
			productType = "com.apple.product-type.bundle.unit-test";
		};
/* End PBXNativeTarget section */

/* Begin PBXProject section */
		0727EF3018E3880A0023F2BE /* Project object */ = {
			isa = PBXProject;
			attributes = {
				CLASSPREFIX = MOG;
				LastUpgradeCheck = 0510;
				ORGANIZATIONNAME = jurre;
				TargetAttributes = {
					0727EF5818E3880A0023F2BE = {
						TestTargetID = 0727EF3718E3880A0023F2BE;
					};
				};
			};
			buildConfigurationList = 0727EF3318E3880A0023F2BE /* Build configuration list for PBXProject "Mogo-iOS" */;
			compatibilityVersion = "Xcode 3.2";
			developmentRegion = English;
			hasScannedForEncodings = 0;
			knownRegions = (
				en,
			);
			mainGroup = 0727EF2F18E3880A0023F2BE;
			productRefGroup = 0727EF3918E3880A0023F2BE /* Products */;
			projectDirPath = "";
			projectRoot = "";
			targets = (
				0727EF3718E3880A0023F2BE /* Mogo-iOS */,
				0727EF5818E3880A0023F2BE /* Mogo-iOSTests */,
			);
		};
/* End PBXProject section */

/* Begin PBXResourcesBuildPhase section */
		0727EF3618E3880A0023F2BE /* Resources */ = {
			isa = PBXResourcesBuildPhase;
			buildActionMask = 2147483647;
			files = (
				0727EF5418E3880A0023F2BE /* Images.xcassets in Resources */,
				0727EF7B18E3916A0023F2BE /* Storyboard.storyboard in Resources */,
				0727EF4318E3880A0023F2BE /* Podfile in Resources */,
				0727EF4D18E3880A0023F2BE /* InfoPlist.strings in Resources */,
			);
			runOnlyForDeploymentPostprocessing = 0;
		};
		0727EF5718E3880A0023F2BE /* Resources */ = {
			isa = PBXResourcesBuildPhase;
			buildActionMask = 2147483647;
			files = (
			);
			runOnlyForDeploymentPostprocessing = 0;
		};
/* End PBXResourcesBuildPhase section */

/* Begin PBXShellScriptBuildPhase section */
		9AFA8BA88AAE4535B4940961 /* Copy Pods Resources */ = {
			isa = PBXShellScriptBuildPhase;
			buildActionMask = 2147483647;
			files = (
			);
			inputPaths = (
			);
			name = "Copy Pods Resources";
			outputPaths = (
			);
			runOnlyForDeploymentPostprocessing = 0;
			shellPath = /bin/sh;
			shellScript = "\"${SRCROOT}/Pods/Pods-resources.sh\"\n";
			showEnvVarsInLog = 0;
		};
		E45D856A015647A18EE4A786 /* Check Pods Manifest.lock */ = {
			isa = PBXShellScriptBuildPhase;
			buildActionMask = 2147483647;
			files = (
			);
			inputPaths = (
			);
			name = "Check Pods Manifest.lock";
			outputPaths = (
			);
			runOnlyForDeploymentPostprocessing = 0;
			shellPath = /bin/sh;
			shellScript = "diff \"${PODS_ROOT}/../Podfile.lock\" \"${PODS_ROOT}/Manifest.lock\" > /dev/null\nif [[ $? != 0 ]] ; then\n    cat << EOM\nerror: The sandbox is not in sync with the Podfile.lock. Run 'pod install' or update your CocoaPods installation.\nEOM\n    exit 1\nfi\n";
			showEnvVarsInLog = 0;
		};
/* End PBXShellScriptBuildPhase section */

/* Begin PBXSourcesBuildPhase section */
		0727EF3418E3880A0023F2BE /* Sources */ = {
			isa = PBXSourcesBuildPhase;
			buildActionMask = 2147483647;
			files = (
				0727EF7E18E398870023F2BE /* MOGRoomsTableViewController.m in Sources */,
				0795D10818E8721F006670C3 /* MOGAvatarFactory.m in Sources */,
				07563CD318F15C2C00F66E24 /* MOGSessionService.m in Sources */,
				0727EF7518E38F390023F2BE /* MOGRoomService.m in Sources */,
				0727EF4F18E3880A0023F2BE /* main.m in Sources */,
				0795D10418E83B6E006670C3 /* MOGMessageService.m in Sources */,
				07A906A318F17FF600E5CEE8 /* MOGMessagePoller.m in Sources */,
				07563CD918F1602B00F66E24 /* MOGUser.m in Sources */,
				07563CD618F15D8300F66E24 /* MOGBaseService.m in Sources */,
				0727EF4918E3880A0023F2BE /* MOGAPIClient.m in Sources */,
				073191D518E41BDF003107B6 /* MOGChatViewController.m in Sources */,
				073191D218E3A6A5003107B6 /* MOGRoom.m in Sources */,
				0727EF7918E391270023F2BE /* MOGLoginViewController.m in Sources */,
				0795D10118E839DC006670C3 /* MOGMessage.m in Sources */,
				07A906A618F1A55100E5CEE8 /* MOGNewRoomViewController.m in Sources */,
				0727EF5218E3880A0023F2BE /* MOGAppDelegate.m in Sources */,
			);
			runOnlyForDeploymentPostprocessing = 0;
		};
		0727EF5518E3880A0023F2BE /* Sources */ = {
			isa = PBXSourcesBuildPhase;
			buildActionMask = 2147483647;
			files = (
			);
			runOnlyForDeploymentPostprocessing = 0;
		};
/* End PBXSourcesBuildPhase section */

/* Begin PBXTargetDependency section */
		0727EF5F18E3880A0023F2BE /* PBXTargetDependency */ = {
			isa = PBXTargetDependency;
			target = 0727EF3718E3880A0023F2BE /* Mogo-iOS */;
			targetProxy = 0727EF5E18E3880A0023F2BE /* PBXContainerItemProxy */;
		};
/* End PBXTargetDependency section */

/* Begin PBXVariantGroup section */
		0727EF4B18E3880A0023F2BE /* InfoPlist.strings */ = {
			isa = PBXVariantGroup;
			children = (
				0727EF4C18E3880A0023F2BE /* en */,
			);
			name = InfoPlist.strings;
			sourceTree = "<group>";
		};
/* End PBXVariantGroup section */

/* Begin XCBuildConfiguration section */
		0727EF6818E3880A0023F2BE /* Debug */ = {
			isa = XCBuildConfiguration;
			buildSettings = {
				ALWAYS_SEARCH_USER_PATHS = NO;
				CLANG_CXX_LANGUAGE_STANDARD = "gnu++0x";
				CLANG_CXX_LIBRARY = "libc++";
				CLANG_ENABLE_MODULES = YES;
				CLANG_ENABLE_OBJC_ARC = YES;
				CLANG_WARN_BOOL_CONVERSION = YES;
				CLANG_WARN_CONSTANT_CONVERSION = YES;
				CLANG_WARN_DIRECT_OBJC_ISA_USAGE = YES_ERROR;
				CLANG_WARN_EMPTY_BODY = YES;
				CLANG_WARN_ENUM_CONVERSION = YES;
				CLANG_WARN_INT_CONVERSION = YES;
				CLANG_WARN_OBJC_ROOT_CLASS = YES_ERROR;
				CLANG_WARN__DUPLICATE_METHOD_MATCH = YES;
				"CODE_SIGN_IDENTITY[sdk=iphoneos*]" = "iPhone Developer";
				COPY_PHASE_STRIP = NO;
				GCC_C_LANGUAGE_STANDARD = gnu99;
				GCC_DYNAMIC_NO_PIC = NO;
				GCC_OPTIMIZATION_LEVEL = 0;
				GCC_PREPROCESSOR_DEFINITIONS = (
					"DEBUG=1",
					"$(inherited)",
				);
				GCC_SYMBOLS_PRIVATE_EXTERN = NO;
				GCC_WARN_64_TO_32_BIT_CONVERSION = YES;
				GCC_WARN_ABOUT_RETURN_TYPE = YES_ERROR;
				GCC_WARN_UNDECLARED_SELECTOR = YES;
				GCC_WARN_UNINITIALIZED_AUTOS = YES_AGGRESSIVE;
				GCC_WARN_UNUSED_FUNCTION = YES;
				GCC_WARN_UNUSED_VARIABLE = YES;
				IPHONEOS_DEPLOYMENT_TARGET = 7.1;
				ONLY_ACTIVE_ARCH = YES;
				SDKROOT = iphoneos;
				TARGETED_DEVICE_FAMILY = "1,2";
			};
			name = Debug;
		};
		0727EF6918E3880A0023F2BE /* Release */ = {
			isa = XCBuildConfiguration;
			buildSettings = {
				ALWAYS_SEARCH_USER_PATHS = NO;
				CLANG_CXX_LANGUAGE_STANDARD = "gnu++0x";
				CLANG_CXX_LIBRARY = "libc++";
				CLANG_ENABLE_MODULES = YES;
				CLANG_ENABLE_OBJC_ARC = YES;
				CLANG_WARN_BOOL_CONVERSION = YES;
				CLANG_WARN_CONSTANT_CONVERSION = YES;
				CLANG_WARN_DIRECT_OBJC_ISA_USAGE = YES_ERROR;
				CLANG_WARN_EMPTY_BODY = YES;
				CLANG_WARN_ENUM_CONVERSION = YES;
				CLANG_WARN_INT_CONVERSION = YES;
				CLANG_WARN_OBJC_ROOT_CLASS = YES_ERROR;
				CLANG_WARN__DUPLICATE_METHOD_MATCH = YES;
				"CODE_SIGN_IDENTITY[sdk=iphoneos*]" = "iPhone Developer";
				COPY_PHASE_STRIP = YES;
				ENABLE_NS_ASSERTIONS = NO;
				GCC_C_LANGUAGE_STANDARD = gnu99;
				GCC_WARN_64_TO_32_BIT_CONVERSION = YES;
				GCC_WARN_ABOUT_RETURN_TYPE = YES_ERROR;
				GCC_WARN_UNDECLARED_SELECTOR = YES;
				GCC_WARN_UNINITIALIZED_AUTOS = YES_AGGRESSIVE;
				GCC_WARN_UNUSED_FUNCTION = YES;
				GCC_WARN_UNUSED_VARIABLE = YES;
				IPHONEOS_DEPLOYMENT_TARGET = 7.1;
				SDKROOT = iphoneos;
				TARGETED_DEVICE_FAMILY = "1,2";
				VALIDATE_PRODUCT = YES;
			};
			name = Release;
		};
		0727EF6B18E3880A0023F2BE /* Debug */ = {
			isa = XCBuildConfiguration;
			baseConfigurationReference = 94F6D6A1E34249C8A5A2EEC1 /* Pods.xcconfig */;
			buildSettings = {
				ASSETCATALOG_COMPILER_APPICON_NAME = AppIcon;
				ASSETCATALOG_COMPILER_LAUNCHIMAGE_NAME = LaunchImage;
				GCC_PRECOMPILE_PREFIX_HEADER = YES;
				GCC_PREFIX_HEADER = "Mogo-iOS/Mogo-iOS-Prefix.pch";
				INFOPLIST_FILE = "Mogo-iOS/Mogo-iOS-Info.plist";
				PRODUCT_NAME = "$(TARGET_NAME)";
				WRAPPER_EXTENSION = app;
			};
			name = Debug;
		};
		0727EF6C18E3880A0023F2BE /* Release */ = {
			isa = XCBuildConfiguration;
			baseConfigurationReference = 94F6D6A1E34249C8A5A2EEC1 /* Pods.xcconfig */;
			buildSettings = {
				ASSETCATALOG_COMPILER_APPICON_NAME = AppIcon;
				ASSETCATALOG_COMPILER_LAUNCHIMAGE_NAME = LaunchImage;
				GCC_PRECOMPILE_PREFIX_HEADER = YES;
				GCC_PREFIX_HEADER = "Mogo-iOS/Mogo-iOS-Prefix.pch";
				INFOPLIST_FILE = "Mogo-iOS/Mogo-iOS-Info.plist";
				PRODUCT_NAME = "$(TARGET_NAME)";
				WRAPPER_EXTENSION = app;
			};
			name = Release;
		};
		0727EF6E18E3880A0023F2BE /* Debug */ = {
			isa = XCBuildConfiguration;
			buildSettings = {
				BUNDLE_LOADER = "$(BUILT_PRODUCTS_DIR)/Mogo-iOS.app/Mogo-iOS";
				FRAMEWORK_SEARCH_PATHS = (
					"$(SDKROOT)/Developer/Library/Frameworks",
					"$(inherited)",
					"$(DEVELOPER_FRAMEWORKS_DIR)",
				);
				GCC_PRECOMPILE_PREFIX_HEADER = YES;
				GCC_PREFIX_HEADER = "Mogo-iOS/Mogo-iOS-Prefix.pch";
				GCC_PREPROCESSOR_DEFINITIONS = (
					"DEBUG=1",
					"$(inherited)",
				);
				INFOPLIST_FILE = "Mogo-iOSTests/Mogo-iOSTests-Info.plist";
				PRODUCT_NAME = "$(TARGET_NAME)";
				TEST_HOST = "$(BUNDLE_LOADER)";
				WRAPPER_EXTENSION = xctest;
			};
			name = Debug;
		};
		0727EF6F18E3880A0023F2BE /* Release */ = {
			isa = XCBuildConfiguration;
			buildSettings = {
				BUNDLE_LOADER = "$(BUILT_PRODUCTS_DIR)/Mogo-iOS.app/Mogo-iOS";
				FRAMEWORK_SEARCH_PATHS = (
					"$(SDKROOT)/Developer/Library/Frameworks",
					"$(inherited)",
					"$(DEVELOPER_FRAMEWORKS_DIR)",
				);
				GCC_PRECOMPILE_PREFIX_HEADER = YES;
				GCC_PREFIX_HEADER = "Mogo-iOS/Mogo-iOS-Prefix.pch";
				INFOPLIST_FILE = "Mogo-iOSTests/Mogo-iOSTests-Info.plist";
				PRODUCT_NAME = "$(TARGET_NAME)";
				TEST_HOST = "$(BUNDLE_LOADER)";
				WRAPPER_EXTENSION = xctest;
			};
			name = Release;
		};
/* End XCBuildConfiguration section */

/* Begin XCConfigurationList section */
		0727EF3318E3880A0023F2BE /* Build configuration list for PBXProject "Mogo-iOS" */ = {
			isa = XCConfigurationList;
			buildConfigurations = (
				0727EF6818E3880A0023F2BE /* Debug */,
				0727EF6918E3880A0023F2BE /* Release */,
			);
			defaultConfigurationIsVisible = 0;
			defaultConfigurationName = Release;
		};
		0727EF6A18E3880A0023F2BE /* Build configuration list for PBXNativeTarget "Mogo-iOS" */ = {
			isa = XCConfigurationList;
			buildConfigurations = (
				0727EF6B18E3880A0023F2BE /* Debug */,
				0727EF6C18E3880A0023F2BE /* Release */,
			);
			defaultConfigurationIsVisible = 0;
			defaultConfigurationName = Release;
		};
		0727EF6D18E3880A0023F2BE /* Build configuration list for PBXNativeTarget "Mogo-iOSTests" */ = {
			isa = XCConfigurationList;
			buildConfigurations = (
				0727EF6E18E3880A0023F2BE /* Debug */,
				0727EF6F18E3880A0023F2BE /* Release */,
			);
			defaultConfigurationIsVisible = 0;
			defaultConfigurationName = Release;
		};
/* End XCConfigurationList section */
	};
	rootObject = 0727EF3018E3880A0023F2BE /* Project object */;
}
